{
  "name": "js_programs",
  "lockfileVersion": 3,
  "requires": true,
  "packages": {
    "": {
      "dependencies": {
        "greet-by-time": "^1.0.1"
      }
    },
    "node_modules/greet-by-time": {
      "version": "1.0.1",
      "resolved": "https://registry.npmjs.org/greet-by-time/-/greet-by-time-1.0.1.tgz",
      "integrity": "sha512-730Qxy10no4LEpweVdCX23DTLjIyVRiy17F6tw040wQxXaBqewPQeZd0svrD97dOyjhJ7qang0xyMPdKHTbOBw=="
    }
  }
}
